// !$*UTF8*$!
{
	archiveVersion = 1;
	classes = {
	};
	objectVersion = 50;
	objects = {

/* Begin PBXBuildFile section */
		320B5B90240FF25A0066668E /* AppDelegate.swift in Sources */ = {isa = PBXBuildFile; fileRef = 320B5B8F240FF25A0066668E /* AppDelegate.swift */; };
		320B5B92240FF25A0066668E /* SceneDelegate.swift in Sources */ = {isa = PBXBuildFile; fileRef = 320B5B91240FF25A0066668E /* SceneDelegate.swift */; };
		320B5B94240FF25A0066668E /* WeatherViewController.swift in Sources */ = {isa = PBXBuildFile; fileRef = 320B5B93240FF25A0066668E /* WeatherViewController.swift */; };
		320B5B97240FF25A0066668E /* Main.storyboard in Resources */ = {isa = PBXBuildFile; fileRef = 320B5B95240FF25A0066668E /* Main.storyboard */; };
		320B5B99240FF25E0066668E /* Assets.xcassets in Resources */ = {isa = PBXBuildFile; fileRef = 320B5B98240FF25E0066668E /* Assets.xcassets */; };
		320B5B9C240FF25E0066668E /* LaunchScreen.storyboard in Resources */ = {isa = PBXBuildFile; fileRef = 320B5B9A240FF25E0066668E /* LaunchScreen.storyboard */; };
		321D5C3D2427BF5200F77727 /* TimeSlotModel.swift in Sources */ = {isa = PBXBuildFile; fileRef = 321D5C3C2427BF5200F77727 /* TimeSlotModel.swift */; };
		32BF9F3A2412FB1E004945A8 /* WeatherManager.swift in Sources */ = {isa = PBXBuildFile; fileRef = 32BF9F392412FB1E004945A8 /* WeatherManager.swift */; };
		32BF9F3C2412FB39004945A8 /* WeatherData.swift in Sources */ = {isa = PBXBuildFile; fileRef = 32BF9F3B2412FB39004945A8 /* WeatherData.swift */; };
		32BF9F3E2412FB44004945A8 /* WeatherModel.swift in Sources */ = {isa = PBXBuildFile; fileRef = 32BF9F3D2412FB44004945A8 /* WeatherModel.swift */; };
		32BF9F402412FBFE004945A8 /* HourlyDataCollectionViewCell.swift in Sources */ = {isa = PBXBuildFile; fileRef = 32BF9F3F2412FBFE004945A8 /* HourlyDataCollectionViewCell.swift */; };
		32BF9F79241FB499004945A8 /* DayForecastCollectionViewCell.swift in Sources */ = {isa = PBXBuildFile; fileRef = 32BF9F78241FB499004945A8 /* DayForecastCollectionViewCell.swift */; };
		32DCAE0A242A558C00F17986 /* DayModel.swift in Sources */ = {isa = PBXBuildFile; fileRef = 32DCAE09242A558C00F17986 /* DayModel.swift */; };
/* End PBXBuildFile section */

/* Begin PBXFileReference section */
		320B5B8C240FF25A0066668E /* MinimalWeather.app */ = {isa = PBXFileReference; explicitFileType = wrapper.application; includeInIndex = 0; path = MinimalWeather.app; sourceTree = BUILT_PRODUCTS_DIR; };
		320B5B8F240FF25A0066668E /* AppDelegate.swift */ = {isa = PBXFileReference; lastKnownFileType = sourcecode.swift; path = AppDelegate.swift; sourceTree = "<group>"; };
		320B5B91240FF25A0066668E /* SceneDelegate.swift */ = {isa = PBXFileReference; lastKnownFileType = sourcecode.swift; path = SceneDelegate.swift; sourceTree = "<group>"; };
		320B5B93240FF25A0066668E /* WeatherViewController.swift */ = {isa = PBXFileReference; lastKnownFileType = sourcecode.swift; path = WeatherViewController.swift; sourceTree = "<group>"; };
		320B5B96240FF25A0066668E /* Base */ = {isa = PBXFileReference; lastKnownFileType = file.storyboard; name = Base; path = Base.lproj/Main.storyboard; sourceTree = "<group>"; };
		320B5B98240FF25E0066668E /* Assets.xcassets */ = {isa = PBXFileReference; lastKnownFileType = folder.assetcatalog; path = Assets.xcassets; sourceTree = "<group>"; };
		320B5B9B240FF25E0066668E /* Base */ = {isa = PBXFileReference; lastKnownFileType = file.storyboard; name = Base; path = Base.lproj/LaunchScreen.storyboard; sourceTree = "<group>"; };
		320B5B9D240FF25E0066668E /* Info.plist */ = {isa = PBXFileReference; lastKnownFileType = text.plist.xml; path = Info.plist; sourceTree = "<group>"; };
		321D5C3C2427BF5200F77727 /* TimeSlotModel.swift */ = {isa = PBXFileReference; lastKnownFileType = sourcecode.swift; path = TimeSlotModel.swift; sourceTree = "<group>"; };
		32BF9F392412FB1E004945A8 /* WeatherManager.swift */ = {isa = PBXFileReference; lastKnownFileType = sourcecode.swift; path = WeatherManager.swift; sourceTree = "<group>"; };
		32BF9F3B2412FB39004945A8 /* WeatherData.swift */ = {isa = PBXFileReference; lastKnownFileType = sourcecode.swift; path = WeatherData.swift; sourceTree = "<group>"; };
		32BF9F3D2412FB44004945A8 /* WeatherModel.swift */ = {isa = PBXFileReference; lastKnownFileType = sourcecode.swift; path = WeatherModel.swift; sourceTree = "<group>"; };
		32BF9F3F2412FBFE004945A8 /* HourlyDataCollectionViewCell.swift */ = {isa = PBXFileReference; lastKnownFileType = sourcecode.swift; path = HourlyDataCollectionViewCell.swift; sourceTree = "<group>"; };
		32BF9F78241FB499004945A8 /* DayForecastCollectionViewCell.swift */ = {isa = PBXFileReference; lastKnownFileType = sourcecode.swift; path = DayForecastCollectionViewCell.swift; sourceTree = "<group>"; };
		32DCAE09242A558C00F17986 /* DayModel.swift */ = {isa = PBXFileReference; lastKnownFileType = sourcecode.swift; path = DayModel.swift; sourceTree = "<group>"; };
/* End PBXFileReference section */

/* Begin PBXFrameworksBuildPhase section */
		320B5B89240FF25A0066668E /* Frameworks */ = {
			isa = PBXFrameworksBuildPhase;
			buildActionMask = 2147483647;
			files = (
			);
			runOnlyForDeploymentPostprocessing = 0;
		};
/* End PBXFrameworksBuildPhase section */

/* Begin PBXGroup section */
		320B5B83240FF25A0066668E = {
			isa = PBXGroup;
			children = (
				320B5B8E240FF25A0066668E /* MinimalWeather */,
				320B5B8D240FF25A0066668E /* Products */,
			);
			sourceTree = "<group>";
		};
		320B5B8D240FF25A0066668E /* Products */ = {
			isa = PBXGroup;
			children = (
				320B5B8C240FF25A0066668E /* MinimalWeather.app */,
			);
			name = Products;
			sourceTree = "<group>";
		};
		320B5B8E240FF25A0066668E /* MinimalWeather */ = {
			isa = PBXGroup;
			children = (
				320B5B8F240FF25A0066668E /* AppDelegate.swift */,
				320B5B91240FF25A0066668E /* SceneDelegate.swift */,
				320B5BA3240FF36C0066668E /* Model */,
				320B5BA4240FF37B0066668E /* View */,
				320B5BA5240FF3810066668E /* Controller */,
				320B5B98240FF25E0066668E /* Assets.xcassets */,
				320B5B9A240FF25E0066668E /* LaunchScreen.storyboard */,
				320B5B9D240FF25E0066668E /* Info.plist */,
			);
			path = MinimalWeather;
			sourceTree = "<group>";
		};
		320B5BA3240FF36C0066668E /* Model */ = {
			isa = PBXGroup;
			children = (
				32BF9F392412FB1E004945A8 /* WeatherManager.swift */,
				32BF9F3B2412FB39004945A8 /* WeatherData.swift */,
				32BF9F3D2412FB44004945A8 /* WeatherModel.swift */,
				321D5C3C2427BF5200F77727 /* TimeSlotModel.swift */,
				32DCAE09242A558C00F17986 /* DayModel.swift */,
			);
			path = Model;
			sourceTree = "<group>";
		};
		320B5BA4240FF37B0066668E /* View */ = {
			isa = PBXGroup;
			children = (
				320B5B95240FF25A0066668E /* Main.storyboard */,
			);
			path = View;
			sourceTree = "<group>";
		};
		320B5BA5240FF3810066668E /* Controller */ = {
			isa = PBXGroup;
			children = (
				320B5B93240FF25A0066668E /* WeatherViewController.swift */,
				32BF9F3F2412FBFE004945A8 /* HourlyDataCollectionViewCell.swift */,
				32BF9F78241FB499004945A8 /* DayForecastCollectionViewCell.swift */,
			);
			path = Controller;
			sourceTree = "<group>";
		};
/* End PBXGroup section */

/* Begin PBXNativeTarget section */
		320B5B8B240FF25A0066668E /* MinimalWeather */ = {
			isa = PBXNativeTarget;
			buildConfigurationList = 320B5BA0240FF25E0066668E /* Build configuration list for PBXNativeTarget "MinimalWeather" */;
			buildPhases = (
				320B5B88240FF25A0066668E /* Sources */,
				320B5B89240FF25A0066668E /* Frameworks */,
				320B5B8A240FF25A0066668E /* Resources */,
			);
			buildRules = (
			);
			dependencies = (
			);
			name = MinimalWeather;
			productName = MinimalWeather;
			productReference = 320B5B8C240FF25A0066668E /* MinimalWeather.app */;
			productType = "com.apple.product-type.application";
		};
/* End PBXNativeTarget section */

/* Begin PBXProject section */
		320B5B84240FF25A0066668E /* Project object */ = {
			isa = PBXProject;
			attributes = {
				LastSwiftUpdateCheck = 1130;
				LastUpgradeCheck = 1130;
				ORGANIZATIONNAME = DiMa;
				TargetAttributes = {
					320B5B8B240FF25A0066668E = {
						CreatedOnToolsVersion = 11.3.1;
					};
				};
			};
			buildConfigurationList = 320B5B87240FF25A0066668E /* Build configuration list for PBXProject "MinimalWeather" */;
			compatibilityVersion = "Xcode 9.3";
			developmentRegion = en;
			hasScannedForEncodings = 0;
			knownRegions = (
				en,
				Base,
			);
			mainGroup = 320B5B83240FF25A0066668E;
			productRefGroup = 320B5B8D240FF25A0066668E /* Products */;
			projectDirPath = "";
			projectRoot = "";
			targets = (
				320B5B8B240FF25A0066668E /* MinimalWeather */,
			);
		};
/* End PBXProject section */

/* Begin PBXResourcesBuildPhase section */
		320B5B8A240FF25A0066668E /* Resources */ = {
			isa = PBXResourcesBuildPhase;
			buildActionMask = 2147483647;
			files = (
				320B5B9C240FF25E0066668E /* LaunchScreen.storyboard in Resources */,
				320B5B99240FF25E0066668E /* Assets.xcassets in Resources */,
				320B5B97240FF25A0066668E /* Main.storyboard in Resources */,
			);
			runOnlyForDeploymentPostprocessing = 0;
		};
/* End PBXResourcesBuildPhase section */

/* Begin PBXSourcesBuildPhase section */
		320B5B88240FF25A0066668E /* Sources */ = {
			isa = PBXSourcesBuildPhase;
			buildActionMask = 2147483647;
			files = (
				320B5B94240FF25A0066668E /* WeatherViewController.swift in Sources */,
				32BF9F3C2412FB39004945A8 /* WeatherData.swift in Sources */,
				32BF9F402412FBFE004945A8 /* HourlyDataCollectionViewCell.swift in Sources */,
				321D5C3D2427BF5200F77727 /* TimeSlotModel.swift in Sources */,
				32BF9F79241FB499004945A8 /* DayForecastCollectionViewCell.swift in Sources */,
				320B5B90240FF25A0066668E /* AppDelegate.swift in Sources */,
				32DCAE0A242A558C00F17986 /* DayModel.swift in Sources */,
				32BF9F3A2412FB1E004945A8 /* WeatherManager.swift in Sources */,
				32BF9F3E2412FB44004945A8 /* WeatherModel.swift in Sources */,
				320B5B92240FF25A0066668E /* SceneDelegate.swift in Sources */,
			);
			runOnlyForDeploymentPostprocessing = 0;
		};
/* End PBXSourcesBuildPhase section */

/* Begin PBXVariantGroup section */
		320B5B95240FF25A0066668E /* Main.storyboard */ = {
			isa = PBXVariantGroup;
			children = (
				320B5B96240FF25A0066668E /* Base */,
			);
			name = Main.storyboard;
			sourceTree = "<group>";
		};
		320B5B9A240FF25E0066668E /* LaunchScreen.storyboard */ = {
			isa = PBXVariantGroup;
			children = (
				320B5B9B240FF25E0066668E /* Base */,
			);
			name = LaunchScreen.storyboard;
			sourceTree = "<group>";
		};
/* End PBXVariantGroup section */

/* Begin XCBuildConfiguration section */
		320B5B9E240FF25E0066668E /* Debug */ = {
			isa = XCBuildConfiguration;
			buildSettings = {
				ALWAYS_SEARCH_USER_PATHS = NO;
				CLANG_ANALYZER_NONNULL = YES;
				CLANG_ANALYZER_NUMBER_OBJECT_CONVERSION = YES_AGGRESSIVE;
				CLANG_CXX_LANGUAGE_STANDARD = "gnu++14";
				CLANG_CXX_LIBRARY = "libc++";
				CLANG_ENABLE_MODULES = YES;
				CLANG_ENABLE_OBJC_ARC = YES;
				CLANG_ENABLE_OBJC_WEAK = YES;
				CLANG_WARN_BLOCK_CAPTURE_AUTORELEASING = YES;
				CLANG_WARN_BOOL_CONVERSION = YES;
				CLANG_WARN_COMMA = YES;
				CLANG_WARN_CONSTANT_CONVERSION = YES;
				CLANG_WARN_DEPRECATED_OBJC_IMPLEMENTATIONS = YES;
				CLANG_WARN_DIRECT_OBJC_ISA_USAGE = YES_ERROR;
				CLANG_WARN_DOCUMENTATION_COMMENTS = YES;
				CLANG_WARN_EMPTY_BODY = YES;
				CLANG_WARN_ENUM_CONVERSION = YES;
				CLANG_WARN_INFINITE_RECURSION = YES;
				CLANG_WARN_INT_CONVERSION = YES;
				CLANG_WARN_NON_LITERAL_NULL_CONVERSION = YES;
				CLANG_WARN_OBJC_IMPLICIT_RETAIN_SELF = YES;
				CLANG_WARN_OBJC_LITERAL_CONVERSION = YES;
				CLANG_WARN_OBJC_ROOT_CLASS = YES_ERROR;
				CLANG_WARN_RANGE_LOOP_ANALYSIS = YES;
				CLANG_WARN_STRICT_PROTOTYPES = YES;
				CLANG_WARN_SUSPICIOUS_MOVE = YES;
				CLANG_WARN_UNGUARDED_AVAILABILITY = YES_AGGRESSIVE;
				CLANG_WARN_UNREACHABLE_CODE = YES;
				CLANG_WARN__DUPLICATE_METHOD_MATCH = YES;
				COPY_PHASE_STRIP = NO;
				DEBUG_INFORMATION_FORMAT = dwarf;
				ENABLE_STRICT_OBJC_MSGSEND = YES;
				ENABLE_TESTABILITY = YES;
				GCC_C_LANGUAGE_STANDARD = gnu11;
				GCC_DYNAMIC_NO_PIC = NO;
				GCC_NO_COMMON_BLOCKS = YES;
				GCC_OPTIMIZATION_LEVEL = 0;
				GCC_PREPROCESSOR_DEFINITIONS = (
					"DEBUG=1",
					"$(inherited)",
				);
				GCC_WARN_64_TO_32_BIT_CONVERSION = YES;
				GCC_WARN_ABOUT_RETURN_TYPE = YES_ERROR;
				GCC_WARN_UNDECLARED_SELECTOR = YES;
				GCC_WARN_UNINITIALIZED_AUTOS = YES_AGGRESSIVE;
				GCC_WARN_UNUSED_FUNCTION = YES;
				GCC_WARN_UNUSED_VARIABLE = YES;
				IPHONEOS_DEPLOYMENT_TARGET = 13.2;
				MTL_ENABLE_DEBUG_INFO = INCLUDE_SOURCE;
				MTL_FAST_MATH = YES;
				ONLY_ACTIVE_ARCH = YES;
				SDKROOT = iphoneos;
				SWIFT_ACTIVE_COMPILATION_CONDITIONS = DEBUG;
				SWIFT_OPTIMIZATION_LEVEL = "-Onone";
			};
			name = Debug;
		};
		320B5B9F240FF25E0066668E /* Release */ = {
			isa = XCBuildConfiguration;
			buildSettings = {
				ALWAYS_SEARCH_USER_PATHS = NO;
				CLANG_ANALYZER_NONNULL = YES;
				CLANG_ANALYZER_NUMBER_OBJECT_CONVERSION = YES_AGGRESSIVE;
				CLANG_CXX_LANGUAGE_STANDARD = "gnu++14";
				CLANG_CXX_LIBRARY = "libc++";
				CLANG_ENABLE_MODULES = YES;
				CLANG_ENABLE_OBJC_ARC = YES;
				CLANG_ENABLE_OBJC_WEAK = YES;
				CLANG_WARN_BLOCK_CAPTURE_AUTORELEASING = YES;
				CLANG_WARN_BOOL_CONVERSION = YES;
				CLANG_WARN_COMMA = YES;
				CLANG_WARN_CONSTANT_CONVERSION = YES;
				CLANG_WARN_DEPRECATED_OBJC_IMPLEMENTATIONS = YES;
				CLANG_WARN_DIRECT_OBJC_ISA_USAGE = YES_ERROR;
				CLANG_WARN_DOCUMENTATION_COMMENTS = YES;
				CLANG_WARN_EMPTY_BODY = YES;
				CLANG_WARN_ENUM_CONVERSION = YES;
				CLANG_WARN_INFINITE_RECURSION = YES;
				CLANG_WARN_INT_CONVERSION = YES;
				CLANG_WARN_NON_LITERAL_NULL_CONVERSION = YES;
				CLANG_WARN_OBJC_IMPLICIT_RETAIN_SELF = YES;
				CLANG_WARN_OBJC_LITERAL_CONVERSION = YES;
				CLANG_WARN_OBJC_ROOT_CLASS = YES_ERROR;
				CLANG_WARN_RANGE_LOOP_ANALYSIS = YES;
				CLANG_WARN_STRICT_PROTOTYPES = YES;
				CLANG_WARN_SUSPICIOUS_MOVE = YES;
				CLANG_WARN_UNGUARDED_AVAILABILITY = YES_AGGRESSIVE;
				CLANG_WARN_UNREACHABLE_CODE = YES;
				CLANG_WARN__DUPLICATE_METHOD_MATCH = YES;
				COPY_PHASE_STRIP = NO;
				DEBUG_INFORMATION_FORMAT = "dwarf-with-dsym";
				ENABLE_NS_ASSERTIONS = NO;
				ENABLE_STRICT_OBJC_MSGSEND = YES;
				GCC_C_LANGUAGE_STANDARD = gnu11;
				GCC_NO_COMMON_BLOCKS = YES;
				GCC_WARN_64_TO_32_BIT_CONVERSION = YES;
				GCC_WARN_ABOUT_RETURN_TYPE = YES_ERROR;
				GCC_WARN_UNDECLARED_SELECTOR = YES;
				GCC_WARN_UNINITIALIZED_AUTOS = YES_AGGRESSIVE;
				GCC_WARN_UNUSED_FUNCTION = YES;
				GCC_WARN_UNUSED_VARIABLE = YES;
				IPHONEOS_DEPLOYMENT_TARGET = 13.2;
				MTL_ENABLE_DEBUG_INFO = NO;
				MTL_FAST_MATH = YES;
				SDKROOT = iphoneos;
				SWIFT_COMPILATION_MODE = wholemodule;
				SWIFT_OPTIMIZATION_LEVEL = "-O";
				VALIDATE_PRODUCT = YES;
			};
			name = Release;
		};
		320B5BA1240FF25E0066668E /* Debug */ = {
			isa = XCBuildConfiguration;
			buildSettings = {
				ASSETCATALOG_COMPILER_APPICON_NAME = AppIcon;
				CODE_SIGN_STYLE = Automatic;
				DEVELOPMENT_TEAM = R5CC8T975N;
				INFOPLIST_FILE = MinimalWeather/Info.plist;
				LD_RUNPATH_SEARCH_PATHS = (
					"$(inherited)",
					"@executable_path/Frameworks",
				);
				PRODUCT_BUNDLE_IDENTIFIER = com.Dima.MinimalWeather;
				PRODUCT_NAME = "$(TARGET_NAME)";
				SWIFT_VERSION = 5.0;
				TARGETED_DEVICE_FAMILY = "1,2";
			};
			name = Debug;
		};
		320B5BA2240FF25E0066668E /* Release */ = {
			isa = XCBuildConfiguration;
			buildSettings = {
				ASSETCATALOG_COMPILER_APPICON_NAME = AppIcon;
				CODE_SIGN_STYLE = Automatic;
				DEVELOPMENT_TEAM = R5CC8T975N;
				INFOPLIST_FILE = MinimalWeather/Info.plist;
				LD_RUNPATH_SEARCH_PATHS = (
					"$(inherited)",
					"@executable_path/Frameworks",
				);
				PRODUCT_BUNDLE_IDENTIFIER = com.Dima.MinimalWeather;
				PRODUCT_NAME = "$(TARGET_NAME)";
				SWIFT_VERSION = 5.0;
				TARGETED_DEVICE_FAMILY = "1,2";
			};
			name = Release;
		};
/* End XCBuildConfiguration section */

/* Begin XCConfigurationList section */
		320B5B87240FF25A0066668E /* Build configuration list for PBXProject "MinimalWeather" */ = {
			isa = XCConfigurationList;
			buildConfigurations = (
				320B5B9E240FF25E0066668E /* Debug */,
				320B5B9F240FF25E0066668E /* Release */,
			);
			defaultConfigurationIsVisible = 0;
			defaultConfigurationName = Release;
		};
		320B5BA0240FF25E0066668E /* Build configuration list for PBXNativeTarget "MinimalWeather" */ = {
			isa = XCConfigurationList;
			buildConfigurations = (
				320B5BA1240FF25E0066668E /* Debug */,
				320B5BA2240FF25E0066668E /* Release */,
			);
			defaultConfigurationIsVisible = 0;
			defaultConfigurationName = Release;
		};
/* End XCConfigurationList section */
	};
	rootObject = 320B5B84240FF25A0066668E /* Project object */;
}
